
Microsoft Visual Studio Solution File, Format Version 12.00
# Visual Studio 14
VisualStudioVersion = 14.0.25123.0
MinimumVisualStudioVersion = 10.0.40219.1
Project("{E24C65DC-7377-472B-9ABA-BC803B73C61A}") = "ProjInstGit", "G:\Projetos Pessoais\Em Desenvolvimento\Projeto Juridico - Legal Fox\ProjInstGit\", "{450AE295-B69A-48D2-A52B-9AF0F14FE8D0}"
	ProjectSection(WebsiteProperties) = preProject
		TargetFrameworkMoniker = ".NETFramework,Version%3Dv4.5.2"
		Debug.AspNetCompiler.VirtualPath = "/localhost_49949"
		Debug.AspNetCompiler.PhysicalPath = "G:\Projetos Pessoais\Em Desenvolvimento\Projeto Juridico - Legal Fox\ProjInstGit\"
		Debug.AspNetCompiler.TargetPath = "PrecompiledWeb\localhost_49949\"
		Debug.AspNetCompiler.Updateable = "true"
		Debug.AspNetCompiler.ForceOverwrite = "true"
		Debug.AspNetCompiler.FixedNames = "false"
		Debug.AspNetCompiler.Debug = "True"
		Release.AspNetCompiler.VirtualPath = "/localhost_49949"
		Release.AspNetCompiler.PhysicalPath = "G:\Projetos Pessoais\Em Desenvolvimento\Projeto Juridico - Legal Fox\ProjInstGit\"
		Release.AspNetCompiler.TargetPath = "PrecompiledWeb\localhost_49949\"
		Release.AspNetCompiler.Updateable = "true"
		Release.AspNetCompiler.ForceOverwrite = "true"
		Release.AspNetCompiler.FixedNames = "false"
		Release.AspNetCompiler.Debug = "False"
		VWDPort = "49949"
		SlnRelativePath = "G:\Projetos Pessoais\Em Desenvolvimento\Projeto Juridico - Legal Fox\ProjInstGit\"
		DefaultWebSiteLanguage = "Visual Basic"
	EndProjectSection
EndProject
Global
	GlobalSection(SolutionConfigurationPlatforms) = preSolution
		Debug|Any CPU = Debug|Any CPU
	EndGlobalSection
	GlobalSection(ProjectConfigurationPlatforms) = postSolution
		{450AE295-B69A-48D2-A52B-9AF0F14FE8D0}.Debug|Any CPU.ActiveCfg = Debug|Any CPU
		{450AE295-B69A-48D2-A52B-9AF0F14FE8D0}.Debug|Any CPU.Build.0 = Debug|Any CPU
	EndGlobalSection
	GlobalSection(SolutionProperties) = preSolution
		HideSolutionNode = FALSE
	EndGlobalSection
EndGlobal
